// !$*UTF8*$!
{
	archiveVersion = 1;
	classes = {
	};
	objectVersion = 52;
	objects = {

/* Begin PBXBuildFile section */
		B416E00525FBC0A7008CCF7A /* BaseMVP.swift in Sources */ = {isa = PBXBuildFile; fileRef = B416E00425FBC0A7008CCF7A /* BaseMVP.swift */; };
		B416E00E25FBC4C0008CCF7A /* ServiceManager.swift in Sources */ = {isa = PBXBuildFile; fileRef = B416E00D25FBC4C0008CCF7A /* ServiceManager.swift */; };
		B416E01325FBC4CA008CCF7A /* StoreManager.swift in Sources */ = {isa = PBXBuildFile; fileRef = B416E01225FBC4CA008CCF7A /* StoreManager.swift */; };
		B416E01925FBC699008CCF7A /* ListCharactersModel.swift in Sources */ = {isa = PBXBuildFile; fileRef = B416E01825FBC699008CCF7A /* ListCharactersModel.swift */; };
		B416E01F25FBD272008CCF7A /* CryptoSwift in Frameworks */ = {isa = PBXBuildFile; productRef = B416E01E25FBD272008CCF7A /* CryptoSwift */; };
		B416E02725FBD666008CCF7A /* DetailCharacterViewController.swift in Sources */ = {isa = PBXBuildFile; fileRef = B416E02525FBD666008CCF7A /* DetailCharacterViewController.swift */; };
		B416E02825FBD666008CCF7A /* DetailCharacterViewController.xib in Resources */ = {isa = PBXBuildFile; fileRef = B416E02625FBD666008CCF7A /* DetailCharacterViewController.xib */; };
		B416E02D25FBD8E0008CCF7A /* DetailCharacterPresenter.swift in Sources */ = {isa = PBXBuildFile; fileRef = B416E02C25FBD8E0008CCF7A /* DetailCharacterPresenter.swift */; };
		B416E03225FBD8EC008CCF7A /* DetailCharacterRouter.swift in Sources */ = {isa = PBXBuildFile; fileRef = B416E03125FBD8EC008CCF7A /* DetailCharacterRouter.swift */; };
		B416E03725FBD93F008CCF7A /* DetailCharacterCoordinator.swift in Sources */ = {isa = PBXBuildFile; fileRef = B416E03625FBD93F008CCF7A /* DetailCharacterCoordinator.swift */; };
		B451BCC925FBAE9900D5DFE9 /* AppDelegate.swift in Sources */ = {isa = PBXBuildFile; fileRef = B451BCC825FBAE9900D5DFE9 /* AppDelegate.swift */; };
		B451BCD225FBAE9A00D5DFE9 /* Assets.xcassets in Resources */ = {isa = PBXBuildFile; fileRef = B451BCD125FBAE9A00D5DFE9 /* Assets.xcassets */; };
		B451BCD525FBAE9A00D5DFE9 /* LaunchScreen.storyboard in Resources */ = {isa = PBXBuildFile; fileRef = B451BCD325FBAE9A00D5DFE9 /* LaunchScreen.storyboard */; };
		B451BCE025FBAE9B00D5DFE9 /* EntelgyMarvelTests.swift in Sources */ = {isa = PBXBuildFile; fileRef = B451BCDF25FBAE9B00D5DFE9 /* EntelgyMarvelTests.swift */; };
		B451BCEB25FBAE9B00D5DFE9 /* EntelgyMarvelUITests.swift in Sources */ = {isa = PBXBuildFile; fileRef = B451BCEA25FBAE9B00D5DFE9 /* EntelgyMarvelUITests.swift */; };
		B451BD0025FBB00000D5DFE9 /* AppAssembly.swift in Sources */ = {isa = PBXBuildFile; fileRef = B451BCFF25FBB00000D5DFE9 /* AppAssembly.swift */; };
		B451BD0A25FBB08400D5DFE9 /* ListCharactersViewController.swift in Sources */ = {isa = PBXBuildFile; fileRef = B451BD0825FBB08400D5DFE9 /* ListCharactersViewController.swift */; };
		B451BD0B25FBB08400D5DFE9 /* ListCharactersViewController.xib in Resources */ = {isa = PBXBuildFile; fileRef = B451BD0925FBB08400D5DFE9 /* ListCharactersViewController.xib */; };
		B451BD3325FBB24E00D5DFE9 /* ListCharactersPresenter.swift in Sources */ = {isa = PBXBuildFile; fileRef = B451BD3225FBB24E00D5DFE9 /* ListCharactersPresenter.swift */; };
		B451BD4B25FBB4D900D5DFE9 /* UIViewController+Extensions.swift in Sources */ = {isa = PBXBuildFile; fileRef = B451BD4A25FBB4D900D5DFE9 /* UIViewController+Extensions.swift */; };
		B451BD6325FBB9D500D5DFE9 /* ListCharactersCoordinator.swift in Sources */ = {isa = PBXBuildFile; fileRef = B451BD6225FBB9D500D5DFE9 /* ListCharactersCoordinator.swift */; };
		B451BD7125FBBCC400D5DFE9 /* Utils.swift in Sources */ = {isa = PBXBuildFile; fileRef = B451BD7025FBBCC400D5DFE9 /* Utils.swift */; };
		B451BD7D25FBBE2500D5DFE9 /* ListCharactersRouter.swift in Sources */ = {isa = PBXBuildFile; fileRef = B451BD7C25FBBE2500D5DFE9 /* ListCharactersRouter.swift */; };
		B49476A625FBF30C005751C0 /* CharacterCollectionViewCell.swift in Sources */ = {isa = PBXBuildFile; fileRef = B49476A425FBF30C005751C0 /* CharacterCollectionViewCell.swift */; };
		B49476A725FBF30C005751C0 /* CharacterCollectionViewCell.xib in Resources */ = {isa = PBXBuildFile; fileRef = B49476A525FBF30C005751C0 /* CharacterCollectionViewCell.xib */; };
		B49476AD25FBF6A9005751C0 /* Kingfisher in Frameworks */ = {isa = PBXBuildFile; productRef = B49476AC25FBF6A9005751C0 /* Kingfisher */; };
		B4AB3A1E25FFAF07003FB027 /* HomeTabBarViewController.swift in Sources */ = {isa = PBXBuildFile; fileRef = B4AB3A1C25FFAF07003FB027 /* HomeTabBarViewController.swift */; };
		B4AB3A1F25FFAF07003FB027 /* HomeTabBarViewController.xib in Resources */ = {isa = PBXBuildFile; fileRef = B4AB3A1D25FFAF07003FB027 /* HomeTabBarViewController.xib */; };
		B4AB3A3825FFCAFE003FB027 /* HeaderDetailCell.swift in Sources */ = {isa = PBXBuildFile; fileRef = B4AB3A3625FFCAFE003FB027 /* HeaderDetailCell.swift */; };
		B4AB3A3925FFCAFE003FB027 /* HeaderDetailCell.xib in Resources */ = {isa = PBXBuildFile; fileRef = B4AB3A3725FFCAFE003FB027 /* HeaderDetailCell.xib */; };
		B4AB3A3F25FFD64A003FB027 /* SeriesTableCell.swift in Sources */ = {isa = PBXBuildFile; fileRef = B4AB3A3D25FFD64A003FB027 /* SeriesTableCell.swift */; };
		B4AB3A4025FFD64A003FB027 /* SeriesTableCell.xib in Resources */ = {isa = PBXBuildFile; fileRef = B4AB3A3E25FFD64A003FB027 /* SeriesTableCell.xib */; };
		B4AB3A4525FFF2BE003FB027 /* DetailComicModel.swift in Sources */ = {isa = PBXBuildFile; fileRef = B4AB3A4425FFF2BE003FB027 /* DetailComicModel.swift */; };
		B4AB3A5C26000DD2003FB027 /* DetailSeriesModel.swift in Sources */ = {isa = PBXBuildFile; fileRef = B4AB3A5B26000DD2003FB027 /* DetailSeriesModel.swift */; };
		B4AB3A6C26000FD5003FB027 /* SeriesTableViewCell.swift in Sources */ = {isa = PBXBuildFile; fileRef = B4AB3A6A26000FD5003FB027 /* SeriesTableViewCell.swift */; };
		B4AB3A6D26000FD5003FB027 /* SeriesTableViewCell.xib in Resources */ = {isa = PBXBuildFile; fileRef = B4AB3A6B26000FD5003FB027 /* SeriesTableViewCell.xib */; };
/* End PBXBuildFile section */

/* Begin PBXContainerItemProxy section */
		B451BCDC25FBAE9B00D5DFE9 /* PBXContainerItemProxy */ = {
			isa = PBXContainerItemProxy;
			containerPortal = B451BCBD25FBAE9900D5DFE9 /* Project object */;
			proxyType = 1;
			remoteGlobalIDString = B451BCC425FBAE9900D5DFE9;
			remoteInfo = EntelgyMarvel;
		};
		B451BCE725FBAE9B00D5DFE9 /* PBXContainerItemProxy */ = {
			isa = PBXContainerItemProxy;
			containerPortal = B451BCBD25FBAE9900D5DFE9 /* Project object */;
			proxyType = 1;
			remoteGlobalIDString = B451BCC425FBAE9900D5DFE9;
			remoteInfo = EntelgyMarvel;
		};
/* End PBXContainerItemProxy section */

/* Begin PBXFileReference section */
		B416E00425FBC0A7008CCF7A /* BaseMVP.swift */ = {isa = PBXFileReference; lastKnownFileType = sourcecode.swift; path = BaseMVP.swift; sourceTree = "<group>"; };
		B416E00D25FBC4C0008CCF7A /* ServiceManager.swift */ = {isa = PBXFileReference; lastKnownFileType = sourcecode.swift; path = ServiceManager.swift; sourceTree = "<group>"; };
		B416E01225FBC4CA008CCF7A /* StoreManager.swift */ = {isa = PBXFileReference; lastKnownFileType = sourcecode.swift; path = StoreManager.swift; sourceTree = "<group>"; };
		B416E01825FBC699008CCF7A /* ListCharactersModel.swift */ = {isa = PBXFileReference; lastKnownFileType = sourcecode.swift; path = ListCharactersModel.swift; sourceTree = "<group>"; };
		B416E02525FBD666008CCF7A /* DetailCharacterViewController.swift */ = {isa = PBXFileReference; lastKnownFileType = sourcecode.swift; path = DetailCharacterViewController.swift; sourceTree = "<group>"; };
		B416E02625FBD666008CCF7A /* DetailCharacterViewController.xib */ = {isa = PBXFileReference; lastKnownFileType = file.xib; path = DetailCharacterViewController.xib; sourceTree = "<group>"; };
		B416E02C25FBD8E0008CCF7A /* DetailCharacterPresenter.swift */ = {isa = PBXFileReference; lastKnownFileType = sourcecode.swift; path = DetailCharacterPresenter.swift; sourceTree = "<group>"; };
		B416E03125FBD8EC008CCF7A /* DetailCharacterRouter.swift */ = {isa = PBXFileReference; lastKnownFileType = sourcecode.swift; path = DetailCharacterRouter.swift; sourceTree = "<group>"; };
		B416E03625FBD93F008CCF7A /* DetailCharacterCoordinator.swift */ = {isa = PBXFileReference; lastKnownFileType = sourcecode.swift; path = DetailCharacterCoordinator.swift; sourceTree = "<group>"; };
		B451BCC525FBAE9900D5DFE9 /* EntelgyMarvel.app */ = {isa = PBXFileReference; explicitFileType = wrapper.application; includeInIndex = 0; path = EntelgyMarvel.app; sourceTree = BUILT_PRODUCTS_DIR; };
		B451BCC825FBAE9900D5DFE9 /* AppDelegate.swift */ = {isa = PBXFileReference; lastKnownFileType = sourcecode.swift; path = AppDelegate.swift; sourceTree = "<group>"; };
		B451BCD125FBAE9A00D5DFE9 /* Assets.xcassets */ = {isa = PBXFileReference; lastKnownFileType = folder.assetcatalog; path = Assets.xcassets; sourceTree = "<group>"; };
		B451BCD425FBAE9A00D5DFE9 /* Base */ = {isa = PBXFileReference; lastKnownFileType = file.storyboard; name = Base; path = Base.lproj/LaunchScreen.storyboard; sourceTree = "<group>"; };
		B451BCD625FBAE9A00D5DFE9 /* Info.plist */ = {isa = PBXFileReference; lastKnownFileType = text.plist.xml; path = Info.plist; sourceTree = "<group>"; };
		B451BCDB25FBAE9B00D5DFE9 /* EntelgyMarvelTests.xctest */ = {isa = PBXFileReference; explicitFileType = wrapper.cfbundle; includeInIndex = 0; path = EntelgyMarvelTests.xctest; sourceTree = BUILT_PRODUCTS_DIR; };
		B451BCDF25FBAE9B00D5DFE9 /* EntelgyMarvelTests.swift */ = {isa = PBXFileReference; lastKnownFileType = sourcecode.swift; path = EntelgyMarvelTests.swift; sourceTree = "<group>"; };
		B451BCE125FBAE9B00D5DFE9 /* Info.plist */ = {isa = PBXFileReference; lastKnownFileType = text.plist.xml; path = Info.plist; sourceTree = "<group>"; };
		B451BCE625FBAE9B00D5DFE9 /* EntelgyMarvelUITests.xctest */ = {isa = PBXFileReference; explicitFileType = wrapper.cfbundle; includeInIndex = 0; path = EntelgyMarvelUITests.xctest; sourceTree = BUILT_PRODUCTS_DIR; };
		B451BCEA25FBAE9B00D5DFE9 /* EntelgyMarvelUITests.swift */ = {isa = PBXFileReference; lastKnownFileType = sourcecode.swift; path = EntelgyMarvelUITests.swift; sourceTree = "<group>"; };
		B451BCEC25FBAE9B00D5DFE9 /* Info.plist */ = {isa = PBXFileReference; lastKnownFileType = text.plist.xml; path = Info.plist; sourceTree = "<group>"; };
		B451BCFF25FBB00000D5DFE9 /* AppAssembly.swift */ = {isa = PBXFileReference; lastKnownFileType = sourcecode.swift; path = AppAssembly.swift; sourceTree = "<group>"; };
		B451BD0825FBB08400D5DFE9 /* ListCharactersViewController.swift */ = {isa = PBXFileReference; lastKnownFileType = sourcecode.swift; path = ListCharactersViewController.swift; sourceTree = "<group>"; };
		B451BD0925FBB08400D5DFE9 /* ListCharactersViewController.xib */ = {isa = PBXFileReference; lastKnownFileType = file.xib; path = ListCharactersViewController.xib; sourceTree = "<group>"; };
		B451BD3225FBB24E00D5DFE9 /* ListCharactersPresenter.swift */ = {isa = PBXFileReference; lastKnownFileType = sourcecode.swift; path = ListCharactersPresenter.swift; sourceTree = "<group>"; };
		B451BD4A25FBB4D900D5DFE9 /* UIViewController+Extensions.swift */ = {isa = PBXFileReference; lastKnownFileType = sourcecode.swift; path = "UIViewController+Extensions.swift"; sourceTree = "<group>"; };
		B451BD6225FBB9D500D5DFE9 /* ListCharactersCoordinator.swift */ = {isa = PBXFileReference; lastKnownFileType = sourcecode.swift; path = ListCharactersCoordinator.swift; sourceTree = "<group>"; };
		B451BD7025FBBCC400D5DFE9 /* Utils.swift */ = {isa = PBXFileReference; lastKnownFileType = sourcecode.swift; path = Utils.swift; sourceTree = "<group>"; };
		B451BD7C25FBBE2500D5DFE9 /* ListCharactersRouter.swift */ = {isa = PBXFileReference; lastKnownFileType = sourcecode.swift; path = ListCharactersRouter.swift; sourceTree = "<group>"; };
		B49476A425FBF30C005751C0 /* CharacterCollectionViewCell.swift */ = {isa = PBXFileReference; lastKnownFileType = sourcecode.swift; path = CharacterCollectionViewCell.swift; sourceTree = "<group>"; };
		B49476A525FBF30C005751C0 /* CharacterCollectionViewCell.xib */ = {isa = PBXFileReference; lastKnownFileType = file.xib; path = CharacterCollectionViewCell.xib; sourceTree = "<group>"; };
		B4AB3A1C25FFAF07003FB027 /* HomeTabBarViewController.swift */ = {isa = PBXFileReference; lastKnownFileType = sourcecode.swift; path = HomeTabBarViewController.swift; sourceTree = "<group>"; };
		B4AB3A1D25FFAF07003FB027 /* HomeTabBarViewController.xib */ = {isa = PBXFileReference; lastKnownFileType = file.xib; path = HomeTabBarViewController.xib; sourceTree = "<group>"; };
		B4AB3A3625FFCAFE003FB027 /* HeaderDetailCell.swift */ = {isa = PBXFileReference; lastKnownFileType = sourcecode.swift; path = HeaderDetailCell.swift; sourceTree = "<group>"; };
		B4AB3A3725FFCAFE003FB027 /* HeaderDetailCell.xib */ = {isa = PBXFileReference; lastKnownFileType = file.xib; path = HeaderDetailCell.xib; sourceTree = "<group>"; };
		B4AB3A3D25FFD64A003FB027 /* SeriesTableCell.swift */ = {isa = PBXFileReference; lastKnownFileType = sourcecode.swift; path = SeriesTableCell.swift; sourceTree = "<group>"; };
		B4AB3A3E25FFD64A003FB027 /* SeriesTableCell.xib */ = {isa = PBXFileReference; lastKnownFileType = file.xib; path = SeriesTableCell.xib; sourceTree = "<group>"; };
		B4AB3A4425FFF2BE003FB027 /* DetailComicModel.swift */ = {isa = PBXFileReference; lastKnownFileType = sourcecode.swift; path = DetailComicModel.swift; sourceTree = "<group>"; };
		B4AB3A5B26000DD2003FB027 /* DetailSeriesModel.swift */ = {isa = PBXFileReference; lastKnownFileType = sourcecode.swift; path = DetailSeriesModel.swift; sourceTree = "<group>"; };
		B4AB3A6A26000FD5003FB027 /* SeriesTableViewCell.swift */ = {isa = PBXFileReference; lastKnownFileType = sourcecode.swift; path = SeriesTableViewCell.swift; sourceTree = "<group>"; };
		B4AB3A6B26000FD5003FB027 /* SeriesTableViewCell.xib */ = {isa = PBXFileReference; lastKnownFileType = file.xib; path = SeriesTableViewCell.xib; sourceTree = "<group>"; };
/* End PBXFileReference section */

/* Begin PBXFrameworksBuildPhase section */
		B451BCC225FBAE9900D5DFE9 /* Frameworks */ = {
			isa = PBXFrameworksBuildPhase;
			buildActionMask = 2147483647;
			files = (
				B49476AD25FBF6A9005751C0 /* Kingfisher in Frameworks */,
				B416E01F25FBD272008CCF7A /* CryptoSwift in Frameworks */,
			);
			runOnlyForDeploymentPostprocessing = 0;
		};
		B451BCD825FBAE9B00D5DFE9 /* Frameworks */ = {
			isa = PBXFrameworksBuildPhase;
			buildActionMask = 2147483647;
			files = (
			);
			runOnlyForDeploymentPostprocessing = 0;
		};
		B451BCE325FBAE9B00D5DFE9 /* Frameworks */ = {
			isa = PBXFrameworksBuildPhase;
			buildActionMask = 2147483647;
			files = (
			);
			runOnlyForDeploymentPostprocessing = 0;
		};
/* End PBXFrameworksBuildPhase section */

/* Begin PBXGroup section */
		B416E00C25FBC438008CCF7A /* Services */ = {
			isa = PBXGroup;
			children = (
				B416E00D25FBC4C0008CCF7A /* ServiceManager.swift */,
				B416E01225FBC4CA008CCF7A /* StoreManager.swift */,
			);
			path = Services;
			sourceTree = "<group>";
		};
		B416E01725FBC684008CCF7A /* Models */ = {
			isa = PBXGroup;
			children = (
				B416E01825FBC699008CCF7A /* ListCharactersModel.swift */,
				B4AB3A4425FFF2BE003FB027 /* DetailComicModel.swift */,
				B4AB3A5B26000DD2003FB027 /* DetailSeriesModel.swift */,
			);
			path = Models;
			sourceTree = "<group>";
		};
		B416E02325FBD615008CCF7A /* ListCharactersVC */ = {
			isa = PBXGroup;
			children = (
				B451BD0825FBB08400D5DFE9 /* ListCharactersViewController.swift */,
				B451BD0925FBB08400D5DFE9 /* ListCharactersViewController.xib */,
				B451BD3225FBB24E00D5DFE9 /* ListCharactersPresenter.swift */,
				B451BD7C25FBBE2500D5DFE9 /* ListCharactersRouter.swift */,
			);
			path = ListCharactersVC;
			sourceTree = "<group>";
		};
		B416E02425FBD641008CCF7A /* DetailCharacterVC */ = {
			isa = PBXGroup;
			children = (
				B416E02525FBD666008CCF7A /* DetailCharacterViewController.swift */,
				B416E02625FBD666008CCF7A /* DetailCharacterViewController.xib */,
				B416E02C25FBD8E0008CCF7A /* DetailCharacterPresenter.swift */,
				B416E03125FBD8EC008CCF7A /* DetailCharacterRouter.swift */,
			);
			path = DetailCharacterVC;
			sourceTree = "<group>";
		};
		B451BCBC25FBAE9900D5DFE9 = {
			isa = PBXGroup;
			children = (
				B451BCC725FBAE9900D5DFE9 /* EntelgyMarvel */,
				B451BCDE25FBAE9B00D5DFE9 /* EntelgyMarvelTests */,
				B451BCE925FBAE9B00D5DFE9 /* EntelgyMarvelUITests */,
				B451BCC625FBAE9900D5DFE9 /* Products */,
			);
			sourceTree = "<group>";
		};
		B451BCC625FBAE9900D5DFE9 /* Products */ = {
			isa = PBXGroup;
			children = (
				B451BCC525FBAE9900D5DFE9 /* EntelgyMarvel.app */,
				B451BCDB25FBAE9B00D5DFE9 /* EntelgyMarvelTests.xctest */,
				B451BCE625FBAE9B00D5DFE9 /* EntelgyMarvelUITests.xctest */,
			);
			name = Products;
			sourceTree = "<group>";
		};
		B451BCC725FBAE9900D5DFE9 /* EntelgyMarvel */ = {
			isa = PBXGroup;
			children = (
				B49476A025FBF2D2005751C0 /* Components */,
				B416E01725FBC684008CCF7A /* Models */,
				B416E00C25FBC438008CCF7A /* Services */,
				B451BD6F25FBBB5700D5DFE9 /* Utils */,
				B451BD6125FBB9BD00D5DFE9 /* Coordinators */,
				B451BD4925FBB4C000D5DFE9 /* Extensions */,
				B451BD3A25FBB26E00D5DFE9 /* BaseMVP */,
				B451BD0725FBB05E00D5DFE9 /* Modules */,
				B451BCFE25FBAFEC00D5DFE9 /* Core */,
				B451BCC825FBAE9900D5DFE9 /* AppDelegate.swift */,
				B451BCD125FBAE9A00D5DFE9 /* Assets.xcassets */,
				B451BCD325FBAE9A00D5DFE9 /* LaunchScreen.storyboard */,
				B451BCD625FBAE9A00D5DFE9 /* Info.plist */,
			);
			path = EntelgyMarvel;
			sourceTree = "<group>";
		};
		B451BCDE25FBAE9B00D5DFE9 /* EntelgyMarvelTests */ = {
			isa = PBXGroup;
			children = (
				B451BCDF25FBAE9B00D5DFE9 /* EntelgyMarvelTests.swift */,
				B451BCE125FBAE9B00D5DFE9 /* Info.plist */,
			);
			path = EntelgyMarvelTests;
			sourceTree = "<group>";
		};
		B451BCE925FBAE9B00D5DFE9 /* EntelgyMarvelUITests */ = {
			isa = PBXGroup;
			children = (
				B451BCEA25FBAE9B00D5DFE9 /* EntelgyMarvelUITests.swift */,
				B451BCEC25FBAE9B00D5DFE9 /* Info.plist */,
			);
			path = EntelgyMarvelUITests;
			sourceTree = "<group>";
		};
		B451BCFE25FBAFEC00D5DFE9 /* Core */ = {
			isa = PBXGroup;
			children = (
				B451BCFF25FBB00000D5DFE9 /* AppAssembly.swift */,
			);
			path = Core;
			sourceTree = "<group>";
		};
		B451BD0725FBB05E00D5DFE9 /* Modules */ = {
			isa = PBXGroup;
			children = (
				B4AB3A1B25FFAEDC003FB027 /* HomeTabBarVC */,
				B416E02425FBD641008CCF7A /* DetailCharacterVC */,
				B416E02325FBD615008CCF7A /* ListCharactersVC */,
			);
			path = Modules;
			sourceTree = "<group>";
		};
		B451BD3A25FBB26E00D5DFE9 /* BaseMVP */ = {
			isa = PBXGroup;
			children = (
				B416E00425FBC0A7008CCF7A /* BaseMVP.swift */,
			);
			path = BaseMVP;
			sourceTree = "<group>";
		};
		B451BD4925FBB4C000D5DFE9 /* Extensions */ = {
			isa = PBXGroup;
			children = (
				B451BD4A25FBB4D900D5DFE9 /* UIViewController+Extensions.swift */,
			);
			path = Extensions;
			sourceTree = "<group>";
		};
		B451BD6125FBB9BD00D5DFE9 /* Coordinators */ = {
			isa = PBXGroup;
			children = (
				B451BD6225FBB9D500D5DFE9 /* ListCharactersCoordinator.swift */,
				B416E03625FBD93F008CCF7A /* DetailCharacterCoordinator.swift */,
			);
			path = Coordinators;
			sourceTree = "<group>";
		};
		B451BD6F25FBBB5700D5DFE9 /* Utils */ = {
			isa = PBXGroup;
			children = (
				B451BD7025FBBCC400D5DFE9 /* Utils.swift */,
			);
			path = Utils;
			sourceTree = "<group>";
		};
		B49476A025FBF2D2005751C0 /* Components */ = {
			isa = PBXGroup;
			children = (
				B4AB3A3525FFCAC6003FB027 /* DetailCharacter */,
				B4AB3A3425FFCAB3003FB027 /* ListCharacters */,
			);
			path = Components;
			sourceTree = "<group>";
		};
		B4AB3A1B25FFAEDC003FB027 /* HomeTabBarVC */ = {
			isa = PBXGroup;
			children = (
				B4AB3A1C25FFAF07003FB027 /* HomeTabBarViewController.swift */,
				B4AB3A1D25FFAF07003FB027 /* HomeTabBarViewController.xib */,
			);
			path = HomeTabBarVC;
			sourceTree = "<group>";
		};
		B4AB3A3425FFCAB3003FB027 /* ListCharacters */ = {
			isa = PBXGroup;
			children = (
				B49476A425FBF30C005751C0 /* CharacterCollectionViewCell.swift */,
				B49476A525FBF30C005751C0 /* CharacterCollectionViewCell.xib */,
			);
			path = ListCharacters;
			sourceTree = "<group>";
		};
		B4AB3A3525FFCAC6003FB027 /* DetailCharacter */ = {
			isa = PBXGroup;
			children = (
				B4AB3A3625FFCAFE003FB027 /* HeaderDetailCell.swift */,
				B4AB3A3725FFCAFE003FB027 /* HeaderDetailCell.xib */,
				B4AB3A3D25FFD64A003FB027 /* SeriesTableCell.swift */,
				B4AB3A3E25FFD64A003FB027 /* SeriesTableCell.xib */,
				B4AB3A6A26000FD5003FB027 /* SeriesTableViewCell.swift */,
				B4AB3A6B26000FD5003FB027 /* SeriesTableViewCell.xib */,
			);
			path = DetailCharacter;
			sourceTree = "<group>";
		};
/* End PBXGroup section */

/* Begin PBXNativeTarget section */
		B451BCC425FBAE9900D5DFE9 /* EntelgyMarvel */ = {
			isa = PBXNativeTarget;
			buildConfigurationList = B451BCEF25FBAE9B00D5DFE9 /* Build configuration list for PBXNativeTarget "EntelgyMarvel" */;
			buildPhases = (
				B451BCC125FBAE9900D5DFE9 /* Sources */,
				B451BCC225FBAE9900D5DFE9 /* Frameworks */,
				B451BCC325FBAE9900D5DFE9 /* Resources */,
			);
			buildRules = (
			);
			dependencies = (
			);
			name = EntelgyMarvel;
			packageProductDependencies = (
				B416E01E25FBD272008CCF7A /* CryptoSwift */,
				B49476AC25FBF6A9005751C0 /* Kingfisher */,
			);
			productName = EntelgyMarvel;
			productReference = B451BCC525FBAE9900D5DFE9 /* EntelgyMarvel.app */;
			productType = "com.apple.product-type.application";
		};
		B451BCDA25FBAE9B00D5DFE9 /* EntelgyMarvelTests */ = {
			isa = PBXNativeTarget;
			buildConfigurationList = B451BCF225FBAE9B00D5DFE9 /* Build configuration list for PBXNativeTarget "EntelgyMarvelTests" */;
			buildPhases = (
				B451BCD725FBAE9B00D5DFE9 /* Sources */,
				B451BCD825FBAE9B00D5DFE9 /* Frameworks */,
				B451BCD925FBAE9B00D5DFE9 /* Resources */,
			);
			buildRules = (
			);
			dependencies = (
				B451BCDD25FBAE9B00D5DFE9 /* PBXTargetDependency */,
			);
			name = EntelgyMarvelTests;
			productName = EntelgyMarvelTests;
			productReference = B451BCDB25FBAE9B00D5DFE9 /* EntelgyMarvelTests.xctest */;
			productType = "com.apple.product-type.bundle.unit-test";
		};
		B451BCE525FBAE9B00D5DFE9 /* EntelgyMarvelUITests */ = {
			isa = PBXNativeTarget;
			buildConfigurationList = B451BCF525FBAE9B00D5DFE9 /* Build configuration list for PBXNativeTarget "EntelgyMarvelUITests" */;
			buildPhases = (
				B451BCE225FBAE9B00D5DFE9 /* Sources */,
				B451BCE325FBAE9B00D5DFE9 /* Frameworks */,
				B451BCE425FBAE9B00D5DFE9 /* Resources */,
			);
			buildRules = (
			);
			dependencies = (
				B451BCE825FBAE9B00D5DFE9 /* PBXTargetDependency */,
			);
			name = EntelgyMarvelUITests;
			productName = EntelgyMarvelUITests;
			productReference = B451BCE625FBAE9B00D5DFE9 /* EntelgyMarvelUITests.xctest */;
			productType = "com.apple.product-type.bundle.ui-testing";
		};
/* End PBXNativeTarget section */

/* Begin PBXProject section */
		B451BCBD25FBAE9900D5DFE9 /* Project object */ = {
			isa = PBXProject;
			attributes = {
				LastSwiftUpdateCheck = 1230;
				LastUpgradeCheck = 1230;
				TargetAttributes = {
					B451BCC425FBAE9900D5DFE9 = {
						CreatedOnToolsVersion = 12.3;
					};
					B451BCDA25FBAE9B00D5DFE9 = {
						CreatedOnToolsVersion = 12.3;
						TestTargetID = B451BCC425FBAE9900D5DFE9;
					};
					B451BCE525FBAE9B00D5DFE9 = {
						CreatedOnToolsVersion = 12.3;
						TestTargetID = B451BCC425FBAE9900D5DFE9;
					};
				};
			};
			buildConfigurationList = B451BCC025FBAE9900D5DFE9 /* Build configuration list for PBXProject "EntelgyMarvel" */;
			compatibilityVersion = "Xcode 9.3";
			developmentRegion = en;
			hasScannedForEncodings = 0;
			knownRegions = (
				en,
				Base,
			);
			mainGroup = B451BCBC25FBAE9900D5DFE9;
			packageReferences = (
				B416E01D25FBD272008CCF7A /* XCRemoteSwiftPackageReference "CryptoSwift" */,
				B49476AB25FBF6A9005751C0 /* XCRemoteSwiftPackageReference "Kingfisher" */,
			);
			productRefGroup = B451BCC625FBAE9900D5DFE9 /* Products */;
			projectDirPath = "";
			projectRoot = "";
			targets = (
				B451BCC425FBAE9900D5DFE9 /* EntelgyMarvel */,
				B451BCDA25FBAE9B00D5DFE9 /* EntelgyMarvelTests */,
				B451BCE525FBAE9B00D5DFE9 /* EntelgyMarvelUITests */,
			);
		};
/* End PBXProject section */

/* Begin PBXResourcesBuildPhase section */
		B451BCC325FBAE9900D5DFE9 /* Resources */ = {
			isa = PBXResourcesBuildPhase;
			buildActionMask = 2147483647;
			files = (
				B451BD0B25FBB08400D5DFE9 /* ListCharactersViewController.xib in Resources */,
				B4AB3A6D26000FD5003FB027 /* SeriesTableViewCell.xib in Resources */,
				B4AB3A1F25FFAF07003FB027 /* HomeTabBarViewController.xib in Resources */,
				B4AB3A3925FFCAFE003FB027 /* HeaderDetailCell.xib in Resources */,
				B451BCD525FBAE9A00D5DFE9 /* LaunchScreen.storyboard in Resources */,
				B451BCD225FBAE9A00D5DFE9 /* Assets.xcassets in Resources */,
				B49476A725FBF30C005751C0 /* CharacterCollectionViewCell.xib in Resources */,
				B416E02825FBD666008CCF7A /* DetailCharacterViewController.xib in Resources */,
				B4AB3A4025FFD64A003FB027 /* SeriesTableCell.xib in Resources */,
			);
			runOnlyForDeploymentPostprocessing = 0;
		};
		B451BCD925FBAE9B00D5DFE9 /* Resources */ = {
			isa = PBXResourcesBuildPhase;
			buildActionMask = 2147483647;
			files = (
			);
			runOnlyForDeploymentPostprocessing = 0;
		};
		B451BCE425FBAE9B00D5DFE9 /* Resources */ = {
			isa = PBXResourcesBuildPhase;
			buildActionMask = 2147483647;
			files = (
			);
			runOnlyForDeploymentPostprocessing = 0;
		};
/* End PBXResourcesBuildPhase section */

/* Begin PBXSourcesBuildPhase section */
		B451BCC125FBAE9900D5DFE9 /* Sources */ = {
			isa = PBXSourcesBuildPhase;
			buildActionMask = 2147483647;
			files = (
				B4AB3A4525FFF2BE003FB027 /* DetailComicModel.swift in Sources */,
				B416E00525FBC0A7008CCF7A /* BaseMVP.swift in Sources */,
				B4AB3A6C26000FD5003FB027 /* SeriesTableViewCell.swift in Sources */,
				B416E02725FBD666008CCF7A /* DetailCharacterViewController.swift in Sources */,
				B451BD6325FBB9D500D5DFE9 /* ListCharactersCoordinator.swift in Sources */,
				B451BD3325FBB24E00D5DFE9 /* ListCharactersPresenter.swift in Sources */,
				B416E01325FBC4CA008CCF7A /* StoreManager.swift in Sources */,
				B451BD4B25FBB4D900D5DFE9 /* UIViewController+Extensions.swift in Sources */,
				B4AB3A5C26000DD2003FB027 /* DetailSeriesModel.swift in Sources */,
				B49476A625FBF30C005751C0 /* CharacterCollectionViewCell.swift in Sources */,
				B4AB3A3F25FFD64A003FB027 /* SeriesTableCell.swift in Sources */,
				B451BD7125FBBCC400D5DFE9 /* Utils.swift in Sources */,
				B451BD0A25FBB08400D5DFE9 /* ListCharactersViewController.swift in Sources */,
				B4AB3A1E25FFAF07003FB027 /* HomeTabBarViewController.swift in Sources */,
				B451BD0025FBB00000D5DFE9 /* AppAssembly.swift in Sources */,
				B451BCC925FBAE9900D5DFE9 /* AppDelegate.swift in Sources */,
				B416E01925FBC699008CCF7A /* ListCharactersModel.swift in Sources */,
				B4AB3A3825FFCAFE003FB027 /* HeaderDetailCell.swift in Sources */,
				B416E03225FBD8EC008CCF7A /* DetailCharacterRouter.swift in Sources */,
				B451BD7D25FBBE2500D5DFE9 /* ListCharactersRouter.swift in Sources */,
				B416E00E25FBC4C0008CCF7A /* ServiceManager.swift in Sources */,
				B416E03725FBD93F008CCF7A /* DetailCharacterCoordinator.swift in Sources */,
				B416E02D25FBD8E0008CCF7A /* DetailCharacterPresenter.swift in Sources */,
			);
			runOnlyForDeploymentPostprocessing = 0;
		};
		B451BCD725FBAE9B00D5DFE9 /* Sources */ = {
			isa = PBXSourcesBuildPhase;
			buildActionMask = 2147483647;
			files = (
				B451BCE025FBAE9B00D5DFE9 /* EntelgyMarvelTests.swift in Sources */,
			);
			runOnlyForDeploymentPostprocessing = 0;
		};
		B451BCE225FBAE9B00D5DFE9 /* Sources */ = {
			isa = PBXSourcesBuildPhase;
			buildActionMask = 2147483647;
			files = (
				B451BCEB25FBAE9B00D5DFE9 /* EntelgyMarvelUITests.swift in Sources */,
			);
			runOnlyForDeploymentPostprocessing = 0;
		};
/* End PBXSourcesBuildPhase section */

/* Begin PBXTargetDependency section */
		B451BCDD25FBAE9B00D5DFE9 /* PBXTargetDependency */ = {
			isa = PBXTargetDependency;
			target = B451BCC425FBAE9900D5DFE9 /* EntelgyMarvel */;
			targetProxy = B451BCDC25FBAE9B00D5DFE9 /* PBXContainerItemProxy */;
		};
		B451BCE825FBAE9B00D5DFE9 /* PBXTargetDependency */ = {
			isa = PBXTargetDependency;
			target = B451BCC425FBAE9900D5DFE9 /* EntelgyMarvel */;
			targetProxy = B451BCE725FBAE9B00D5DFE9 /* PBXContainerItemProxy */;
		};
/* End PBXTargetDependency section */

/* Begin PBXVariantGroup section */
		B451BCD325FBAE9A00D5DFE9 /* LaunchScreen.storyboard */ = {
			isa = PBXVariantGroup;
			children = (
				B451BCD425FBAE9A00D5DFE9 /* Base */,
			);
			name = LaunchScreen.storyboard;
			sourceTree = "<group>";
		};
/* End PBXVariantGroup section */

/* Begin XCBuildConfiguration section */
		B451BCED25FBAE9B00D5DFE9 /* Debug */ = {
			isa = XCBuildConfiguration;
			buildSettings = {
				ALWAYS_SEARCH_USER_PATHS = NO;
				CLANG_ANALYZER_NONNULL = YES;
				CLANG_ANALYZER_NUMBER_OBJECT_CONVERSION = YES_AGGRESSIVE;
				CLANG_CXX_LANGUAGE_STANDARD = "gnu++14";
				CLANG_CXX_LIBRARY = "libc++";
				CLANG_ENABLE_MODULES = YES;
				CLANG_ENABLE_OBJC_ARC = YES;
				CLANG_ENABLE_OBJC_WEAK = YES;
				CLANG_WARN_BLOCK_CAPTURE_AUTORELEASING = YES;
				CLANG_WARN_BOOL_CONVERSION = YES;
				CLANG_WARN_COMMA = YES;
				CLANG_WARN_CONSTANT_CONVERSION = YES;
				CLANG_WARN_DEPRECATED_OBJC_IMPLEMENTATIONS = YES;
				CLANG_WARN_DIRECT_OBJC_ISA_USAGE = YES_ERROR;
				CLANG_WARN_DOCUMENTATION_COMMENTS = YES;
				CLANG_WARN_EMPTY_BODY = YES;
				CLANG_WARN_ENUM_CONVERSION = YES;
				CLANG_WARN_INFINITE_RECURSION = YES;
				CLANG_WARN_INT_CONVERSION = YES;
				CLANG_WARN_NON_LITERAL_NULL_CONVERSION = YES;
				CLANG_WARN_OBJC_IMPLICIT_RETAIN_SELF = YES;
				CLANG_WARN_OBJC_LITERAL_CONVERSION = YES;
				CLANG_WARN_OBJC_ROOT_CLASS = YES_ERROR;
				CLANG_WARN_QUOTED_INCLUDE_IN_FRAMEWORK_HEADER = YES;
				CLANG_WARN_RANGE_LOOP_ANALYSIS = YES;
				CLANG_WARN_STRICT_PROTOTYPES = YES;
				CLANG_WARN_SUSPICIOUS_MOVE = YES;
				CLANG_WARN_UNGUARDED_AVAILABILITY = YES_AGGRESSIVE;
				CLANG_WARN_UNREACHABLE_CODE = YES;
				CLANG_WARN__DUPLICATE_METHOD_MATCH = YES;
				COPY_PHASE_STRIP = NO;
				DEBUG_INFORMATION_FORMAT = dwarf;
				ENABLE_STRICT_OBJC_MSGSEND = YES;
				ENABLE_TESTABILITY = YES;
				GCC_C_LANGUAGE_STANDARD = gnu11;
				GCC_DYNAMIC_NO_PIC = NO;
				GCC_NO_COMMON_BLOCKS = YES;
				GCC_OPTIMIZATION_LEVEL = 0;
				GCC_PREPROCESSOR_DEFINITIONS = (
					"DEBUG=1",
					"$(inherited)",
				);
				GCC_WARN_64_TO_32_BIT_CONVERSION = YES;
				GCC_WARN_ABOUT_RETURN_TYPE = YES_ERROR;
				GCC_WARN_UNDECLARED_SELECTOR = YES;
				GCC_WARN_UNINITIALIZED_AUTOS = YES_AGGRESSIVE;
				GCC_WARN_UNUSED_FUNCTION = YES;
				GCC_WARN_UNUSED_VARIABLE = YES;
				IPHONEOS_DEPLOYMENT_TARGET = 14.3;
				MTL_ENABLE_DEBUG_INFO = INCLUDE_SOURCE;
				MTL_FAST_MATH = YES;
				ONLY_ACTIVE_ARCH = YES;
				SDKROOT = iphoneos;
				SWIFT_ACTIVE_COMPILATION_CONDITIONS = DEBUG;
				SWIFT_OPTIMIZATION_LEVEL = "-Onone";
			};
			name = Debug;
		};
		B451BCEE25FBAE9B00D5DFE9 /* Release */ = {
			isa = XCBuildConfiguration;
			buildSettings = {
				ALWAYS_SEARCH_USER_PATHS = NO;
				CLANG_ANALYZER_NONNULL = YES;
				CLANG_ANALYZER_NUMBER_OBJECT_CONVERSION = YES_AGGRESSIVE;
				CLANG_CXX_LANGUAGE_STANDARD = "gnu++14";
				CLANG_CXX_LIBRARY = "libc++";
				CLANG_ENABLE_MODULES = YES;
				CLANG_ENABLE_OBJC_ARC = YES;
				CLANG_ENABLE_OBJC_WEAK = YES;
				CLANG_WARN_BLOCK_CAPTURE_AUTORELEASING = YES;
				CLANG_WARN_BOOL_CONVERSION = YES;
				CLANG_WARN_COMMA = YES;
				CLANG_WARN_CONSTANT_CONVERSION = YES;
				CLANG_WARN_DEPRECATED_OBJC_IMPLEMENTATIONS = YES;
				CLANG_WARN_DIRECT_OBJC_ISA_USAGE = YES_ERROR;
				CLANG_WARN_DOCUMENTATION_COMMENTS = YES;
				CLANG_WARN_EMPTY_BODY = YES;
				CLANG_WARN_ENUM_CONVERSION = YES;
				CLANG_WARN_INFINITE_RECURSION = YES;
				CLANG_WARN_INT_CONVERSION = YES;
				CLANG_WARN_NON_LITERAL_NULL_CONVERSION = YES;
				CLANG_WARN_OBJC_IMPLICIT_RETAIN_SELF = YES;
				CLANG_WARN_OBJC_LITERAL_CONVERSION = YES;
				CLANG_WARN_OBJC_ROOT_CLASS = YES_ERROR;
				CLANG_WARN_QUOTED_INCLUDE_IN_FRAMEWORK_HEADER = YES;
				CLANG_WARN_RANGE_LOOP_ANALYSIS = YES;
				CLANG_WARN_STRICT_PROTOTYPES = YES;
				CLANG_WARN_SUSPICIOUS_MOVE = YES;
				CLANG_WARN_UNGUARDED_AVAILABILITY = YES_AGGRESSIVE;
				CLANG_WARN_UNREACHABLE_CODE = YES;
				CLANG_WARN__DUPLICATE_METHOD_MATCH = YES;
				COPY_PHASE_STRIP = NO;
				DEBUG_INFORMATION_FORMAT = "dwarf-with-dsym";
				ENABLE_NS_ASSERTIONS = NO;
				ENABLE_STRICT_OBJC_MSGSEND = YES;
				GCC_C_LANGUAGE_STANDARD = gnu11;
				GCC_NO_COMMON_BLOCKS = YES;
				GCC_WARN_64_TO_32_BIT_CONVERSION = YES;
				GCC_WARN_ABOUT_RETURN_TYPE = YES_ERROR;
				GCC_WARN_UNDECLARED_SELECTOR = YES;
				GCC_WARN_UNINITIALIZED_AUTOS = YES_AGGRESSIVE;
				GCC_WARN_UNUSED_FUNCTION = YES;
				GCC_WARN_UNUSED_VARIABLE = YES;
				IPHONEOS_DEPLOYMENT_TARGET = 14.3;
				MTL_ENABLE_DEBUG_INFO = NO;
				MTL_FAST_MATH = YES;
				SDKROOT = iphoneos;
				SWIFT_COMPILATION_MODE = wholemodule;
				SWIFT_OPTIMIZATION_LEVEL = "-O";
				VALIDATE_PRODUCT = YES;
			};
			name = Release;
		};
		B451BCF025FBAE9B00D5DFE9 /* Debug */ = {
			isa = XCBuildConfiguration;
			buildSettings = {
				ASSETCATALOG_COMPILER_APPICON_NAME = AppIcon;
				ASSETCATALOG_COMPILER_GLOBAL_ACCENT_COLOR_NAME = AccentColor;
				CODE_SIGN_STYLE = Automatic;
				DEVELOPMENT_TEAM = 2C7W4RF846;
				INFOPLIST_FILE = EntelgyMarvel/Info.plist;
				LD_RUNPATH_SEARCH_PATHS = (
					"$(inherited)",
					"@executable_path/Frameworks",
				);
				PRODUCT_BUNDLE_IDENTIFIER = com.icologic.com.iOS.EntelgyMarvel;
				PRODUCT_NAME = "$(TARGET_NAME)";
				SWIFT_VERSION = 5.0;
				TARGETED_DEVICE_FAMILY = 1;
			};
			name = Debug;
		};
		B451BCF125FBAE9B00D5DFE9 /* Release */ = {
			isa = XCBuildConfiguration;
			buildSettings = {
				ASSETCATALOG_COMPILER_APPICON_NAME = AppIcon;
				ASSETCATALOG_COMPILER_GLOBAL_ACCENT_COLOR_NAME = AccentColor;
				CODE_SIGN_STYLE = Automatic;
				DEVELOPMENT_TEAM = 2C7W4RF846;
				INFOPLIST_FILE = EntelgyMarvel/Info.plist;
				LD_RUNPATH_SEARCH_PATHS = (
					"$(inherited)",
					"@executable_path/Frameworks",
				);
				PRODUCT_BUNDLE_IDENTIFIER = com.icologic.com.iOS.EntelgyMarvel;
				PRODUCT_NAME = "$(TARGET_NAME)";
				SWIFT_VERSION = 5.0;
				TARGETED_DEVICE_FAMILY = 1;
			};
			name = Release;
		};
		B451BCF325FBAE9B00D5DFE9 /* Debug */ = {
			isa = XCBuildConfiguration;
			buildSettings = {
				ALWAYS_EMBED_SWIFT_STANDARD_LIBRARIES = YES;
				BUNDLE_LOADER = "$(TEST_HOST)";
				CODE_SIGN_STYLE = Automatic;
				DEVELOPMENT_TEAM = 2C7W4RF846;
				INFOPLIST_FILE = EntelgyMarvelTests/Info.plist;
				IPHONEOS_DEPLOYMENT_TARGET = 14.3;
				LD_RUNPATH_SEARCH_PATHS = (
					"$(inherited)",
					"@executable_path/Frameworks",
					"@loader_path/Frameworks",
				);
				PRODUCT_BUNDLE_IDENTIFIER = com.icologic.com.iOS.EntelgyMarvelTests;
				PRODUCT_NAME = "$(TARGET_NAME)";
				SWIFT_VERSION = 5.0;
				TARGETED_DEVICE_FAMILY = "1,2";
				TEST_HOST = "$(BUILT_PRODUCTS_DIR)/EntelgyMarvel.app/EntelgyMarvel";
			};
			name = Debug;
		};
		B451BCF425FBAE9B00D5DFE9 /* Release */ = {
			isa = XCBuildConfiguration;
			buildSettings = {
				ALWAYS_EMBED_SWIFT_STANDARD_LIBRARIES = YES;
				BUNDLE_LOADER = "$(TEST_HOST)";
				CODE_SIGN_STYLE = Automatic;
				DEVELOPMENT_TEAM = 2C7W4RF846;
				INFOPLIST_FILE = EntelgyMarvelTests/Info.plist;
				IPHONEOS_DEPLOYMENT_TARGET = 14.3;
				LD_RUNPATH_SEARCH_PATHS = (
					"$(inherited)",
					"@executable_path/Frameworks",
					"@loader_path/Frameworks",
				);
				PRODUCT_BUNDLE_IDENTIFIER = com.icologic.com.iOS.EntelgyMarvelTests;
				PRODUCT_NAME = "$(TARGET_NAME)";
				SWIFT_VERSION = 5.0;
				TARGETED_DEVICE_FAMILY = "1,2";
				TEST_HOST = "$(BUILT_PRODUCTS_DIR)/EntelgyMarvel.app/EntelgyMarvel";
			};
			name = Release;
		};
		B451BCF625FBAE9B00D5DFE9 /* Debug */ = {
			isa = XCBuildConfiguration;
			buildSettings = {
				ALWAYS_EMBED_SWIFT_STANDARD_LIBRARIES = YES;
				CODE_SIGN_STYLE = Automatic;
				DEVELOPMENT_TEAM = 2C7W4RF846;
				INFOPLIST_FILE = EntelgyMarvelUITests/Info.plist;
				LD_RUNPATH_SEARCH_PATHS = (
					"$(inherited)",
					"@executable_path/Frameworks",
					"@loader_path/Frameworks",
				);
				PRODUCT_BUNDLE_IDENTIFIER = com.icologic.com.iOS.EntelgyMarvelUITests;
				PRODUCT_NAME = "$(TARGET_NAME)";
				SWIFT_VERSION = 5.0;
				TARGETED_DEVICE_FAMILY = "1,2";
				TEST_TARGET_NAME = EntelgyMarvel;
			};
			name = Debug;
		};
		B451BCF725FBAE9B00D5DFE9 /* Release */ = {
			isa = XCBuildConfiguration;
			buildSettings = {
				ALWAYS_EMBED_SWIFT_STANDARD_LIBRARIES = YES;
				CODE_SIGN_STYLE = Automatic;
				DEVELOPMENT_TEAM = 2C7W4RF846;
				INFOPLIST_FILE = EntelgyMarvelUITests/Info.plist;
				LD_RUNPATH_SEARCH_PATHS = (
					"$(inherited)",
					"@executable_path/Frameworks",
					"@loader_path/Frameworks",
				);
				PRODUCT_BUNDLE_IDENTIFIER = com.icologic.com.iOS.EntelgyMarvelUITests;
				PRODUCT_NAME = "$(TARGET_NAME)";
				SWIFT_VERSION = 5.0;
				TARGETED_DEVICE_FAMILY = "1,2";
				TEST_TARGET_NAME = EntelgyMarvel;
			};
			name = Release;
		};
/* End XCBuildConfiguration section */

/* Begin XCConfigurationList section */
		B451BCC025FBAE9900D5DFE9 /* Build configuration list for PBXProject "EntelgyMarvel" */ = {
			isa = XCConfigurationList;
			buildConfigurations = (
				B451BCED25FBAE9B00D5DFE9 /* Debug */,
				B451BCEE25FBAE9B00D5DFE9 /* Release */,
			);
			defaultConfigurationIsVisible = 0;
			defaultConfigurationName = Release;
		};
		B451BCEF25FBAE9B00D5DFE9 /* Build configuration list for PBXNativeTarget "EntelgyMarvel" */ = {
			isa = XCConfigurationList;
			buildConfigurations = (
				B451BCF025FBAE9B00D5DFE9 /* Debug */,
				B451BCF125FBAE9B00D5DFE9 /* Release */,
			);
			defaultConfigurationIsVisible = 0;
			defaultConfigurationName = Release;
		};
		B451BCF225FBAE9B00D5DFE9 /* Build configuration list for PBXNativeTarget "EntelgyMarvelTests" */ = {
			isa = XCConfigurationList;
			buildConfigurations = (
				B451BCF325FBAE9B00D5DFE9 /* Debug */,
				B451BCF425FBAE9B00D5DFE9 /* Release */,
			);
			defaultConfigurationIsVisible = 0;
			defaultConfigurationName = Release;
		};
		B451BCF525FBAE9B00D5DFE9 /* Build configuration list for PBXNativeTarget "EntelgyMarvelUITests" */ = {
			isa = XCConfigurationList;
			buildConfigurations = (
				B451BCF625FBAE9B00D5DFE9 /* Debug */,
				B451BCF725FBAE9B00D5DFE9 /* Release */,
			);
			defaultConfigurationIsVisible = 0;
			defaultConfigurationName = Release;
		};
/* End XCConfigurationList section */

/* Begin XCRemoteSwiftPackageReference section */
		B416E01D25FBD272008CCF7A /* XCRemoteSwiftPackageReference "CryptoSwift" */ = {
			isa = XCRemoteSwiftPackageReference;
			repositoryURL = "https://github.com/krzyzanowskim/CryptoSwift";
			requirement = {
				kind = upToNextMajorVersion;
				minimumVersion = 1.3.8;
			};
		};
		B49476AB25FBF6A9005751C0 /* XCRemoteSwiftPackageReference "Kingfisher" */ = {
			isa = XCRemoteSwiftPackageReference;
			repositoryURL = "https://github.com/onevcat/Kingfisher";
			requirement = {
				kind = upToNextMajorVersion;
				minimumVersion = 6.2.1;
			};
		};
/* End XCRemoteSwiftPackageReference section */

/* Begin XCSwiftPackageProductDependency section */
		B416E01E25FBD272008CCF7A /* CryptoSwift */ = {
			isa = XCSwiftPackageProductDependency;
			package = B416E01D25FBD272008CCF7A /* XCRemoteSwiftPackageReference "CryptoSwift" */;
			productName = CryptoSwift;
		};
		B49476AC25FBF6A9005751C0 /* Kingfisher */ = {
			isa = XCSwiftPackageProductDependency;
			package = B49476AB25FBF6A9005751C0 /* XCRemoteSwiftPackageReference "Kingfisher" */;
			productName = Kingfisher;
		};
/* End XCSwiftPackageProductDependency section */
	};
	rootObject = B451BCBD25FBAE9900D5DFE9 /* Project object */;
}
