{
  "pins" : [
    {
      "identity" : "cryptoswift",
      "kind" : "remoteSourceControl",
      "location" : "https://github.com/krzyzanowskim/CryptoSwift.git",
      "state" : {
        "revision" : "5669f222e46c8134fb1f399c745fa6882b43532e",
        "version" : "1.3.8"
      }
    },
    {
      "identity" : "kingfisher",
      "kind" : "remoteSourceControl",
      "location" : "https://github.com/onevcat/Kingfisher.git",
      "state" : {
        "revision" : "15d199e84677303a7004ed2c5ecaa1a90f3863f8",
        "version" : "6.2.1"
      }
    }
  ],
  "version" : 2
}
